
Microsoft Visual Studio Solution File, Format Version 12.00
# Visual Studio Version 16
VisualStudioVersion = 16.0.29709.97
MinimumVisualStudioVersion = 10.0.40219.1
Project("{FAE04EC0-301F-11D3-BF4B-00C04F79EFBC}") = "Compactador", "Compactador\Compactador.csproj", "{3FED36AF-AA1C-455C-8300-0494326146DD}"
EndProject
Global
	GlobalSection(SolutionConfigurationPlatforms) = preSolution
		Debug|Any CPU = Debug|Any CPU
		Release|Any CPU = Release|Any CPU
	EndGlobalSection
	GlobalSection(ProjectConfigurationPlatforms) = postSolution
		{3FED36AF-AA1C-455C-8300-0494326146DD}.Debug|Any CPU.ActiveCfg = Debug|Any CPU
		{3FED36AF-AA1C-455C-8300-0494326146DD}.Debug|Any CPU.Build.0 = Debug|Any CPU
		{3FED36AF-AA1C-455C-8300-0494326146DD}.Release|Any CPU.ActiveCfg = Release|Any CPU
		{3FED36AF-AA1C-455C-8300-0494326146DD}.Release|Any CPU.Build.0 = Release|Any CPU
	EndGlobalSection
	GlobalSection(SolutionProperties) = preSolution
		HideSolutionNode = FALSE
	EndGlobalSection
	GlobalSection(ExtensibilityGlobals) = postSolution
		SolutionGuid = {A6E8009D-F3FF-4949-BE72-E54F6065C717}
	EndGlobalSection
EndGlobal
